
Microsoft Visual Studio Solution File, Format Version 12.00
# Visual Studio 2012
Project("{FAE04EC0-301F-11D3-BF4B-00C04F79EFBC}") = "TabbedNavigtionControllers", "TabbedNavigtionControllers\TabbedNavigtionControllers.csproj", "{B09EA0C8-34E2-43FB-BE76-65D59583B5EE}"
EndProject
Project("{FAE04EC0-301F-11D3-BF4B-00C04F79EFBC}") = "CustomSegmentController", "CustomSegmentController\CustomSegmentController.csproj", "{154B2187-BA17-4884-9BB6-D4DFBBE3F719}"
EndProject
Project("{FAE04EC0-301F-11D3-BF4B-00C04F79EFBC}") = "CustomOptionsPage", "CustomOptionsPage\CustomOptionsPage.csproj", "{5A2581DE-63CF-4F14-A279-97BD92DC2785}"
EndProject
Project("{FAE04EC0-301F-11D3-BF4B-00C04F79EFBC}") = "SegmentControllerFiltering", "SegmentControllerFiltering\SegmentControllerFiltering.csproj", "{BC5BED2C-1391-4EA6-9C71-1988DEA8D04A}"
EndProject
Project("{FAE04EC0-301F-11D3-BF4B-00C04F79EFBC}") = "TableViewInViewController", "TableViewInViewController\TableViewInViewController.csproj", "{B28D8C9D-43BF-4B60-828D-5BA3243ACDBC}"
EndProject
Project("{FAE04EC0-301F-11D3-BF4B-00C04F79EFBC}") = "CustomCellTableView", "CustomCellTableView\CustomCellTableView.csproj", "{EE910D9F-E0D9-4968-9566-954B65CD9FF7}"
EndProject
Project("{FAE04EC0-301F-11D3-BF4B-00C04F79EFBC}") = "TextFieldTokenRecognitionAndHandling", "TextFieldTokenRecognitionAndHandling\TextFieldTokenRecognitionAndHandling.csproj", "{6D41AC5A-1023-4E41-A7CD-991E14CB8C5F}"
EndProject
Global
	GlobalSection(SolutionConfigurationPlatforms) = preSolution
		Debug|iPhoneSimulator = Debug|iPhoneSimulator
		Release|iPhone = Release|iPhone
		Release|iPhoneSimulator = Release|iPhoneSimulator
		Debug|iPhone = Debug|iPhone
	EndGlobalSection
	GlobalSection(ProjectConfigurationPlatforms) = postSolution
		{154B2187-BA17-4884-9BB6-D4DFBBE3F719}.Debug|iPhone.ActiveCfg = Debug|iPhone
		{154B2187-BA17-4884-9BB6-D4DFBBE3F719}.Debug|iPhone.Build.0 = Debug|iPhone
		{154B2187-BA17-4884-9BB6-D4DFBBE3F719}.Debug|iPhoneSimulator.ActiveCfg = Debug|iPhoneSimulator
		{154B2187-BA17-4884-9BB6-D4DFBBE3F719}.Debug|iPhoneSimulator.Build.0 = Debug|iPhoneSimulator
		{154B2187-BA17-4884-9BB6-D4DFBBE3F719}.Release|iPhone.ActiveCfg = Release|iPhone
		{154B2187-BA17-4884-9BB6-D4DFBBE3F719}.Release|iPhone.Build.0 = Release|iPhone
		{154B2187-BA17-4884-9BB6-D4DFBBE3F719}.Release|iPhoneSimulator.ActiveCfg = Release|iPhoneSimulator
		{154B2187-BA17-4884-9BB6-D4DFBBE3F719}.Release|iPhoneSimulator.Build.0 = Release|iPhoneSimulator
		{5A2581DE-63CF-4F14-A279-97BD92DC2785}.Debug|iPhone.ActiveCfg = Debug|iPhone
		{5A2581DE-63CF-4F14-A279-97BD92DC2785}.Debug|iPhone.Build.0 = Debug|iPhone
		{5A2581DE-63CF-4F14-A279-97BD92DC2785}.Debug|iPhoneSimulator.ActiveCfg = Debug|iPhoneSimulator
		{5A2581DE-63CF-4F14-A279-97BD92DC2785}.Debug|iPhoneSimulator.Build.0 = Debug|iPhoneSimulator
		{5A2581DE-63CF-4F14-A279-97BD92DC2785}.Release|iPhone.ActiveCfg = Release|iPhone
		{5A2581DE-63CF-4F14-A279-97BD92DC2785}.Release|iPhone.Build.0 = Release|iPhone
		{5A2581DE-63CF-4F14-A279-97BD92DC2785}.Release|iPhoneSimulator.ActiveCfg = Release|iPhoneSimulator
		{5A2581DE-63CF-4F14-A279-97BD92DC2785}.Release|iPhoneSimulator.Build.0 = Release|iPhoneSimulator
		{6D41AC5A-1023-4E41-A7CD-991E14CB8C5F}.Debug|iPhone.ActiveCfg = Debug|iPhone
		{6D41AC5A-1023-4E41-A7CD-991E14CB8C5F}.Debug|iPhone.Build.0 = Debug|iPhone
		{6D41AC5A-1023-4E41-A7CD-991E14CB8C5F}.Debug|iPhoneSimulator.ActiveCfg = Debug|iPhoneSimulator
		{6D41AC5A-1023-4E41-A7CD-991E14CB8C5F}.Debug|iPhoneSimulator.Build.0 = Debug|iPhoneSimulator
		{6D41AC5A-1023-4E41-A7CD-991E14CB8C5F}.Release|iPhone.ActiveCfg = Release|iPhone
		{6D41AC5A-1023-4E41-A7CD-991E14CB8C5F}.Release|iPhone.Build.0 = Release|iPhone
		{6D41AC5A-1023-4E41-A7CD-991E14CB8C5F}.Release|iPhoneSimulator.ActiveCfg = Release|iPhoneSimulator
		{6D41AC5A-1023-4E41-A7CD-991E14CB8C5F}.Release|iPhoneSimulator.Build.0 = Release|iPhoneSimulator
		{B09EA0C8-34E2-43FB-BE76-65D59583B5EE}.Debug|iPhone.ActiveCfg = Debug|iPhone
		{B09EA0C8-34E2-43FB-BE76-65D59583B5EE}.Debug|iPhone.Build.0 = Debug|iPhone
		{B09EA0C8-34E2-43FB-BE76-65D59583B5EE}.Debug|iPhoneSimulator.ActiveCfg = Debug|iPhoneSimulator
		{B09EA0C8-34E2-43FB-BE76-65D59583B5EE}.Debug|iPhoneSimulator.Build.0 = Debug|iPhoneSimulator
		{B09EA0C8-34E2-43FB-BE76-65D59583B5EE}.Release|iPhone.ActiveCfg = Release|iPhone
		{B09EA0C8-34E2-43FB-BE76-65D59583B5EE}.Release|iPhone.Build.0 = Release|iPhone
		{B09EA0C8-34E2-43FB-BE76-65D59583B5EE}.Release|iPhoneSimulator.ActiveCfg = Release|iPhoneSimulator
		{B09EA0C8-34E2-43FB-BE76-65D59583B5EE}.Release|iPhoneSimulator.Build.0 = Release|iPhoneSimulator
		{B28D8C9D-43BF-4B60-828D-5BA3243ACDBC}.Debug|iPhone.ActiveCfg = Debug|iPhone
		{B28D8C9D-43BF-4B60-828D-5BA3243ACDBC}.Debug|iPhone.Build.0 = Debug|iPhone
		{B28D8C9D-43BF-4B60-828D-5BA3243ACDBC}.Debug|iPhoneSimulator.ActiveCfg = Debug|iPhoneSimulator
		{B28D8C9D-43BF-4B60-828D-5BA3243ACDBC}.Debug|iPhoneSimulator.Build.0 = Debug|iPhoneSimulator
		{B28D8C9D-43BF-4B60-828D-5BA3243ACDBC}.Release|iPhone.ActiveCfg = Release|iPhone
		{B28D8C9D-43BF-4B60-828D-5BA3243ACDBC}.Release|iPhone.Build.0 = Release|iPhone
		{B28D8C9D-43BF-4B60-828D-5BA3243ACDBC}.Release|iPhoneSimulator.ActiveCfg = Release|iPhoneSimulator
		{B28D8C9D-43BF-4B60-828D-5BA3243ACDBC}.Release|iPhoneSimulator.Build.0 = Release|iPhoneSimulator
		{BC5BED2C-1391-4EA6-9C71-1988DEA8D04A}.Debug|iPhone.ActiveCfg = Debug|iPhone
		{BC5BED2C-1391-4EA6-9C71-1988DEA8D04A}.Debug|iPhone.Build.0 = Debug|iPhone
		{BC5BED2C-1391-4EA6-9C71-1988DEA8D04A}.Debug|iPhoneSimulator.ActiveCfg = Debug|iPhoneSimulator
		{BC5BED2C-1391-4EA6-9C71-1988DEA8D04A}.Debug|iPhoneSimulator.Build.0 = Debug|iPhoneSimulator
		{BC5BED2C-1391-4EA6-9C71-1988DEA8D04A}.Release|iPhone.ActiveCfg = Release|iPhone
		{BC5BED2C-1391-4EA6-9C71-1988DEA8D04A}.Release|iPhone.Build.0 = Release|iPhone
		{BC5BED2C-1391-4EA6-9C71-1988DEA8D04A}.Release|iPhoneSimulator.ActiveCfg = Release|iPhoneSimulator
		{BC5BED2C-1391-4EA6-9C71-1988DEA8D04A}.Release|iPhoneSimulator.Build.0 = Release|iPhoneSimulator
		{EE910D9F-E0D9-4968-9566-954B65CD9FF7}.Debug|iPhone.ActiveCfg = Debug|iPhone
		{EE910D9F-E0D9-4968-9566-954B65CD9FF7}.Debug|iPhone.Build.0 = Debug|iPhone
		{EE910D9F-E0D9-4968-9566-954B65CD9FF7}.Debug|iPhoneSimulator.ActiveCfg = Debug|iPhoneSimulator
		{EE910D9F-E0D9-4968-9566-954B65CD9FF7}.Debug|iPhoneSimulator.Build.0 = Debug|iPhoneSimulator
		{EE910D9F-E0D9-4968-9566-954B65CD9FF7}.Release|iPhone.ActiveCfg = Release|iPhone
		{EE910D9F-E0D9-4968-9566-954B65CD9FF7}.Release|iPhone.Build.0 = Release|iPhone
		{EE910D9F-E0D9-4968-9566-954B65CD9FF7}.Release|iPhoneSimulator.ActiveCfg = Release|iPhoneSimulator
		{EE910D9F-E0D9-4968-9566-954B65CD9FF7}.Release|iPhoneSimulator.Build.0 = Release|iPhoneSimulator
	EndGlobalSection
EndGlobal
